
Microsoft Visual Studio Solution File, Format Version 12.00
# Visual Studio Version 17
VisualStudioVersion = 17.4.33122.133
MinimumVisualStudioVersion = 10.0.40219.1
Project("{FAE04EC0-301F-11D3-BF4B-00C04F79EFBC}") = "BasicCoreProgramsDay5", "BasicCoreProgramsDay5\BasicCoreProgramsDay5.csproj", "{CFFA6573-9AF9-4C96-AE2D-028CCA7D9C23}"
EndProject
Global
	GlobalSection(SolutionConfigurationPlatforms) = preSolution
		Debug|Any CPU = Debug|Any CPU
		Release|Any CPU = Release|Any CPU
	EndGlobalSection
	GlobalSection(ProjectConfigurationPlatforms) = postSolution
		{CFFA6573-9AF9-4C96-AE2D-028CCA7D9C23}.Debug|Any CPU.ActiveCfg = Debug|Any CPU
		{CFFA6573-9AF9-4C96-AE2D-028CCA7D9C23}.Debug|Any CPU.Build.0 = Debug|Any CPU
		{CFFA6573-9AF9-4C96-AE2D-028CCA7D9C23}.Release|Any CPU.ActiveCfg = Release|Any CPU
		{CFFA6573-9AF9-4C96-AE2D-028CCA7D9C23}.Release|Any CPU.Build.0 = Release|Any CPU
	EndGlobalSection
	GlobalSection(SolutionProperties) = preSolution
		HideSolutionNode = FALSE
	EndGlobalSection
	GlobalSection(ExtensibilityGlobals) = postSolution
		SolutionGuid = {5717185B-D5A8-417C-8E41-4BC23D60194A}
	EndGlobalSection
EndGlobal
